hash: d0a1f5534ea0815608988155b53efbf5519e4e4fc52ebbff0fbb203fb01116a1
updated: 2016-08-07T20:02:53.1836449-05:00
imports:
- name: github.com/goamz/goamz
  version: 07a22c9653ddbb84a9c7feed933f1e0b945a07dc
  subpackages:
  - aws
  - route53
- name: github.com/vaughan0/go-ini
  version: a98ad7ee00ec53921f08832bc06ecf7fd600e6a1
testImports: []
