hash: c3bc13d62aa09c5a5caba4925784c872bf84438bae04b39d84fbcf40d0785e13
updated: 2017-01-02T18:48:51.305623153-06:00
imports:
- name: github.com/goamz/goamz
  version: 07a22c9653ddbb84a9c7feed933f1e0b945a07dc
  subpackages:
  - aws
  - route53
- name: github.com/vaughan0/go-ini
  version: a98ad7ee00ec53921f08832bc06ecf7fd600e6a1
testImports: []
