# This file is autogenerated, do not edit; changes may be undone by the next 'dep ensure'.


[[projects]]
  branch = "master"
  name = "github.com/goamz/goamz"
  packages = [
    "aws",
    "route53"
  ]
  revision = "8b901b531db8fca1529b05bfa948605b01ca3ab0"

[[projects]]
  branch = "master"
  name = "github.com/vaughan0/go-ini"
  packages = ["."]
  revision = "a98ad7ee00ec53921f08832bc06ecf7fd600e6a1"

[solve-meta]
  analyzer-name = "dep"
  analyzer-version = 1
  inputs-digest = "357d1d66f5031559c249d06215022e3c1721d488c7217bc40ca2936374882ed1"
  solver-name = "gps-cdcl"
  solver-version = 1
